{
  "name": "tonwa-react",
  "version": "1.0.8",
  "lockfileVersion": 2,
  "requires": true,
  "packages": {
    "": {
      "name": "tonwa-react",
      "version": "1.0.8",
      "license": "ISC",
      "dependencies": {
        "@types/classnames": "^2.3.1",
        "@types/jwt-decode": "^2.2.1",
        "@types/lodash": "^4.14.171",
        "@types/node": "^8.10.62",
        "@types/node-fetch": "^2.1.2",
        "@types/react": "^16.14.11",
        "@types/react-dom": "^16.9.14",
        "bootstrap": "^5.0.2",
        "classnames": "^2.3.1",
        "font-awesome": "^4.7.0",
        "jwt-decode": "^2.2.0",
        "lodash": "^4.17.21",
        "mobx": "^6.3.3",
        "mobx-react": "^7.2.0",
        "react": "^17.0.2",
        "react-dom": "^17.0.2",
        "tonwa-core": "^1.0.6",
        "typescript": "^3.9.7"
      }
    },
    "node_modules/@types/classnames": {
      "version": "2.3.1",
      "resolved": "https://registry.npmjs.org/@types/classnames/-/classnames-2.3.1.tgz",
      "integrity": "sha512-zeOWb0JGBoVmlQoznvqXbE0tEC/HONsnoUNH19Hc96NFsTAwTXbTqb8FMYkru1F/iqp7a18Ws3nWJvtA1sHD1A==",
      "deprecated": "This is a stub types definition. classnames provides its own type definitions, so you do not need this installed.",
      "dependencies": {
        "classnames": "*"
      }
    },
    "node_modules/@types/jwt-decode": {
      "version": "2.2.1",
      "resolved": "https://registry.npmjs.org/@types/jwt-decode/-/jwt-decode-2.2.1.tgz",
      "integrity": "sha1-r99cUn/PzL1ACbX9AtHhgkHy0vI="
    },
    "node_modules/@types/lodash": {
      "version": "4.14.171",
      "resolved": "https://registry.npmjs.org/@types/lodash/-/lodash-4.14.171.tgz",
      "integrity": "sha512-7eQ2xYLLI/LsicL2nejW9Wyko3lcpN6O/z0ZLHrEQsg280zIdCv1t/0m6UtBjUHokCGBQ3gYTbHzDkZ1xOBwwg=="
    },
    "node_modules/@types/node": {
      "version": "8.10.62",
      "resolved": "https://registry.npmjs.org/@types/node/-/node-8.10.62.tgz",
      "integrity": "sha512-76fupxOYVxk36kb7O/6KtrAPZ9jnSK3+qisAX4tQMEuGNdlvl7ycwatlHqjoE6jHfVtXFM3pCrCixZOidc5cuw=="
    },
    "node_modules/@types/node-fetch": {
      "version": "2.1.2",
      "resolved": "https://registry.npmjs.org/@types/node-fetch/-/node-fetch-2.1.2.tgz",
      "integrity": "sha512-XroxUzLpKuL+CVkQqXlffRkEPi4Gh3Oui/mWyS7ztKiyqVxiU+h3imCW5I2NQmde5jK+3q++36/Q96cyRWsweg==",
      "dependencies": {
        "@types/node": "*"
      }
    },
    "node_modules/@types/prop-types": {
      "version": "15.7.4",
      "resolved": "https://registry.npmjs.org/@types/prop-types/-/prop-types-15.7.4.tgz",
      "integrity": "sha512-rZ5drC/jWjrArrS8BR6SIr4cWpW09RNTYt9AMZo3Jwwif+iacXAqgVjm0B0Bv/S1jhDXKHqRVNCbACkJ89RAnQ=="
    },
    "node_modules/@types/react": {
      "version": "16.14.11",
      "resolved": "https://registry.npmjs.org/@types/react/-/react-16.14.11.tgz",
      "integrity": "sha512-Don0MtsZZ3fjwTJ2BsoqkyOy7e176KplEAKOpr/4XDdzinlyJBn9yfsKn5mcSgn4kh1B22+3tBnzBC1z63ybtQ==",
      "dependencies": {
        "@types/prop-types": "*",
        "@types/scheduler": "*",
        "csstype": "^3.0.2"
      }
    },
    "node_modules/@types/react-dom": {
      "version": "16.9.14",
      "resolved": "https://registry.npmjs.org/@types/react-dom/-/react-dom-16.9.14.tgz",
      "integrity": "sha512-FIX2AVmPTGP30OUJ+0vadeIFJJ07Mh1m+U0rxfgyW34p3rTlXI+nlenvAxNn4BP36YyI9IJ/+UJ7Wu22N1pI7A==",
      "dependencies": {
        "@types/react": "^16"
      }
    },
    "node_modules/@types/scheduler": {
      "version": "0.16.2",
      "resolved": "https://registry.npmjs.org/@types/scheduler/-/scheduler-0.16.2.tgz",
      "integrity": "sha512-hppQEBDmlwhFAXKJX2KnWLYu5yMfi91yazPb2l+lbJiwW+wdo1gNeRA+3RgNSO39WYX2euey41KEwnqesU2Jew=="
    },
    "node_modules/bootstrap": {
      "version": "5.0.2",
      "resolved": "https://registry.npmjs.org/bootstrap/-/bootstrap-5.0.2.tgz",
      "integrity": "sha512-1Ge963tyEQWJJ+8qtXFU6wgmAVj9gweEjibUdbmcCEYsn38tVwRk8107rk2vzt6cfQcRr3SlZ8aQBqaD8aqf+Q==",
      "funding": {
        "type": "opencollective",
        "url": "https://opencollective.com/bootstrap"
      },
      "peerDependencies": {
        "@popperjs/core": "^2.9.2"
      }
    },
    "node_modules/classnames": {
      "version": "2.3.1",
      "resolved": "https://registry.npmjs.org/classnames/-/classnames-2.3.1.tgz",
      "integrity": "sha512-OlQdbZ7gLfGarSqxesMesDa5uz7KFbID8Kpq/SxIoNGDqY8lSYs0D+hhtBXhcdB3rcbXArFr7vlHheLk1voeNA=="
    },
    "node_modules/csstype": {
      "version": "3.0.8",
      "resolved": "https://registry.npmjs.org/csstype/-/csstype-3.0.8.tgz",
      "integrity": "sha512-jXKhWqXPmlUeoQnF/EhTtTl4C9SnrxSH/jZUih3jmO6lBKr99rP3/+FmrMj4EFpOXzMtXHAZkd3x0E6h6Fgflw=="
    },
    "node_modules/font-awesome": {
      "version": "4.7.0",
      "resolved": "https://registry.npmjs.org/font-awesome/-/font-awesome-4.7.0.tgz",
      "integrity": "sha1-j6jPBBGhoxr9B7BtKQK7n8gVoTM=",
      "engines": {
        "node": ">=0.10.3"
      }
    },
    "node_modules/js-tokens": {
      "version": "4.0.0",
      "resolved": "https://registry.npmjs.org/js-tokens/-/js-tokens-4.0.0.tgz",
      "integrity": "sha512-RdJUflcE3cUzKiMqQgsCu06FPu9UdIJO0beYbPhHN4k6apgJtifcoCtT9bcxOpYBtpD2kCM6Sbzg4CausW/PKQ=="
    },
    "node_modules/jwt-decode": {
      "version": "2.2.0",
      "resolved": "https://registry.npmjs.org/jwt-decode/-/jwt-decode-2.2.0.tgz",
      "integrity": "sha1-fYa9VmefWM5qhHBKZX3TkruoGnk="
    },
    "node_modules/lodash": {
      "version": "4.17.21",
      "resolved": "https://registry.npmjs.org/lodash/-/lodash-4.17.21.tgz",
      "integrity": "sha512-v2kDEe57lecTulaDIuNTPy3Ry4gLGJ6Z1O3vE1krgXZNrsQ+LFTGHVxVjcXPs17LhbZVGedAJv8XZ1tvj5FvSg=="
    },
    "node_modules/loose-envify": {
      "version": "1.4.0",
      "resolved": "https://registry.npmjs.org/loose-envify/-/loose-envify-1.4.0.tgz",
      "integrity": "sha512-lyuxPGr/Wfhrlem2CL/UcnUc1zcqKAImBDzukY7Y5F/yQiNdko6+fRLevlw1HgMySw7f611UIY408EtxRSoK3Q==",
      "dependencies": {
        "js-tokens": "^3.0.0 || ^4.0.0"
      },
      "bin": {
        "loose-envify": "cli.js"
      }
    },
    "node_modules/mobx": {
      "version": "6.3.3",
      "resolved": "https://registry.npmjs.org/mobx/-/mobx-6.3.3.tgz",
      "integrity": "sha512-JoNU50rO6d1wHwKPJqKq4rmUMbYnI9CsJmBo+Cu4exBYenFvIN77LWrZENpzW6reZPADtXMmB1DicbDSfy8Clw==",
      "funding": {
        "type": "opencollective",
        "url": "https://opencollective.com/mobx"
      }
    },
    "node_modules/mobx-react": {
      "version": "7.2.0",
      "resolved": "https://registry.npmjs.org/mobx-react/-/mobx-react-7.2.0.tgz",
      "integrity": "sha512-KHUjZ3HBmZlNnPd1M82jcdVsQRDlfym38zJhZEs33VxyVQTvL77hODCArq6+C1P1k/6erEeo2R7rpE7ZeOL7dg==",
      "dependencies": {
        "mobx-react-lite": "^3.2.0"
      },
      "funding": {
        "type": "opencollective",
        "url": "https://opencollective.com/mobx"
      },
      "peerDependencies": {
        "mobx": "^6.1.0",
        "react": "^16.8.0 || ^17"
      },
      "peerDependenciesMeta": {
        "react-dom": {
          "optional": true
        },
        "react-native": {
          "optional": true
        }
      }
    },
    "node_modules/mobx-react-lite": {
      "version": "3.2.1",
      "resolved": "https://registry.npmjs.org/mobx-react-lite/-/mobx-react-lite-3.2.1.tgz",
      "integrity": "sha512-hwURgfmP2apX3HQrB55V9DN47kuN3C6KlQvI5UIfJRibXma72C/JudcNt2r9dWjAdFMrcZoz1ivvtXMCkJ2aQA==",
      "funding": {
        "type": "opencollective",
        "url": "https://opencollective.com/mobx"
      },
      "peerDependencies": {
        "mobx": "^6.1.0",
        "react": "^16.8.0 || ^17"
      },
      "peerDependenciesMeta": {
        "react-dom": {
          "optional": true
        },
        "react-native": {
          "optional": true
        }
      }
    },
    "node_modules/object-assign": {
      "version": "4.1.1",
      "resolved": "https://registry.npmjs.org/object-assign/-/object-assign-4.1.1.tgz",
      "integrity": "sha1-IQmtx5ZYh8/AXLvUQsrIv7s2CGM=",
      "engines": {
        "node": ">=0.10.0"
      }
    },
    "node_modules/react": {
      "version": "17.0.2",
      "resolved": "https://registry.npmjs.org/react/-/react-17.0.2.tgz",
      "integrity": "sha512-gnhPt75i/dq/z3/6q/0asP78D0u592D5L1pd7M8P+dck6Fu/jJeL6iVVK23fptSUZj8Vjf++7wXA8UNclGQcbA==",
      "dependencies": {
        "loose-envify": "^1.1.0",
        "object-assign": "^4.1.1"
      },
      "engines": {
        "node": ">=0.10.0"
      }
    },
    "node_modules/react-dom": {
      "version": "17.0.2",
      "resolved": "https://registry.npmjs.org/react-dom/-/react-dom-17.0.2.tgz",
      "integrity": "sha512-s4h96KtLDUQlsENhMn1ar8t2bEa+q/YAtj8pPPdIjPDGBDIVNsrD9aXNWqspUe6AzKCIG0C1HZZLqLV7qpOBGA==",
      "dependencies": {
        "loose-envify": "^1.1.0",
        "object-assign": "^4.1.1",
        "scheduler": "^0.20.2"
      },
      "peerDependencies": {
        "react": "17.0.2"
      }
    },
    "node_modules/scheduler": {
      "version": "0.20.2",
      "resolved": "https://registry.npmjs.org/scheduler/-/scheduler-0.20.2.tgz",
      "integrity": "sha512-2eWfGgAqqWFGqtdMmcL5zCMK1U8KlXv8SQFGglL3CEtd0aDVDWgeF/YoCmvln55m5zSk3J/20hTaSBeSObsQDQ==",
      "dependencies": {
        "loose-envify": "^1.1.0",
        "object-assign": "^4.1.1"
      }
    },
    "node_modules/tonwa-core": {
      "version": "1.0.6",
      "resolved": "https://registry.npmjs.org/tonwa-core/-/tonwa-core-1.0.6.tgz",
      "integrity": "sha512-2x+yUg3PJe19B3E2EdSv3yVXzaQ3E9Afedsjn42D07xwnjrprgCFiyiEGBtOkoO2AuJ6zfQMpH7k/jYVrJ3ZrA==",
      "dependencies": {
        "@types/node": "^8.10.62",
        "@types/node-fetch": "^2.1.2",
        "@types/react": "^17.0.0",
        "@types/react-dom": "^17.0.0",
        "jwt-decode": "^3.1.2",
        "typescript": "^4.4.0"
      }
    },
    "node_modules/tonwa-core/node_modules/@types/react": {
      "version": "17.0.37",
      "resolved": "https://registry.npmjs.org/@types/react/-/react-17.0.37.tgz",
      "integrity": "sha512-2FS1oTqBGcH/s0E+CjrCCR9+JMpsu9b69RTFO+40ua43ZqP5MmQ4iUde/dMjWR909KxZwmOQIFq6AV6NjEG5xg==",
      "dependencies": {
        "@types/prop-types": "*",
        "@types/scheduler": "*",
        "csstype": "^3.0.2"
      }
    },
    "node_modules/tonwa-core/node_modules/@types/react-dom": {
      "version": "17.0.11",
      "resolved": "https://registry.npmjs.org/@types/react-dom/-/react-dom-17.0.11.tgz",
      "integrity": "sha512-f96K3k+24RaLGVu/Y2Ng3e1EbZ8/cVJvypZWd7cy0ofCBaf2lcM46xNhycMZ2xGwbBjRql7hOlZ+e2WlJ5MH3Q==",
      "dependencies": {
        "@types/react": "*"
      }
    },
    "node_modules/tonwa-core/node_modules/jwt-decode": {
      "version": "3.1.2",
      "resolved": "https://registry.npmjs.org/jwt-decode/-/jwt-decode-3.1.2.tgz",
      "integrity": "sha512-UfpWE/VZn0iP50d8cz9NrZLM9lSWhcJ+0Gt/nm4by88UL+J1SiKN8/5dkjMmbEzwL2CAe+67GsegCbIKtbp75A=="
    },
    "node_modules/tonwa-core/node_modules/typescript": {
      "version": "4.5.2",
      "resolved": "https://registry.npmjs.org/typescript/-/typescript-4.5.2.tgz",
      "integrity": "sha512-5BlMof9H1yGt0P8/WF+wPNw6GfctgGjXp5hkblpyT+8rkASSmkUKMXrxR0Xg8ThVCi/JnHQiKXeBaEwCeQwMFw==",
      "bin": {
        "tsc": "bin/tsc",
        "tsserver": "bin/tsserver"
      },
      "engines": {
        "node": ">=4.2.0"
      }
    },
    "node_modules/typescript": {
      "version": "3.9.7",
      "resolved": "https://registry.npmjs.org/typescript/-/typescript-3.9.7.tgz",
      "integrity": "sha512-BLbiRkiBzAwsjut4x/dsibSTB6yWpwT5qWmC2OfuCg3GgVQCSgMs4vEctYPhsaGtd0AeuuHMkjZ2h2WG8MSzRw==",
      "bin": {
        "tsc": "bin/tsc",
        "tsserver": "bin/tsserver"
      },
      "engines": {
        "node": ">=4.2.0"
      }
    }
  },
  "dependencies": {
    "@types/classnames": {
      "version": "2.3.1",
      "resolved": "https://registry.npmjs.org/@types/classnames/-/classnames-2.3.1.tgz",
      "integrity": "sha512-zeOWb0JGBoVmlQoznvqXbE0tEC/HONsnoUNH19Hc96NFsTAwTXbTqb8FMYkru1F/iqp7a18Ws3nWJvtA1sHD1A==",
      "requires": {
        "classnames": "*"
      }
    },
    "@types/jwt-decode": {
      "version": "2.2.1",
      "resolved": "https://registry.npmjs.org/@types/jwt-decode/-/jwt-decode-2.2.1.tgz",
      "integrity": "sha1-r99cUn/PzL1ACbX9AtHhgkHy0vI="
    },
    "@types/lodash": {
      "version": "4.14.171",
      "resolved": "https://registry.npmjs.org/@types/lodash/-/lodash-4.14.171.tgz",
      "integrity": "sha512-7eQ2xYLLI/LsicL2nejW9Wyko3lcpN6O/z0ZLHrEQsg280zIdCv1t/0m6UtBjUHokCGBQ3gYTbHzDkZ1xOBwwg=="
    },
    "@types/node": {
      "version": "8.10.62",
      "resolved": "https://registry.npmjs.org/@types/node/-/node-8.10.62.tgz",
      "integrity": "sha512-76fupxOYVxk36kb7O/6KtrAPZ9jnSK3+qisAX4tQMEuGNdlvl7ycwatlHqjoE6jHfVtXFM3pCrCixZOidc5cuw=="
    },
    "@types/node-fetch": {
      "version": "2.1.2",
      "resolved": "https://registry.npmjs.org/@types/node-fetch/-/node-fetch-2.1.2.tgz",
      "integrity": "sha512-XroxUzLpKuL+CVkQqXlffRkEPi4Gh3Oui/mWyS7ztKiyqVxiU+h3imCW5I2NQmde5jK+3q++36/Q96cyRWsweg==",
      "requires": {
        "@types/node": "*"
      }
    },
    "@types/prop-types": {
      "version": "15.7.4",
      "resolved": "https://registry.npmjs.org/@types/prop-types/-/prop-types-15.7.4.tgz",
      "integrity": "sha512-rZ5drC/jWjrArrS8BR6SIr4cWpW09RNTYt9AMZo3Jwwif+iacXAqgVjm0B0Bv/S1jhDXKHqRVNCbACkJ89RAnQ=="
    },
    "@types/react": {
      "version": "16.14.11",
      "resolved": "https://registry.npmjs.org/@types/react/-/react-16.14.11.tgz",
      "integrity": "sha512-Don0MtsZZ3fjwTJ2BsoqkyOy7e176KplEAKOpr/4XDdzinlyJBn9yfsKn5mcSgn4kh1B22+3tBnzBC1z63ybtQ==",
      "requires": {
        "@types/prop-types": "*",
        "@types/scheduler": "*",
        "csstype": "^3.0.2"
      }
    },
    "@types/react-dom": {
      "version": "16.9.14",
      "resolved": "https://registry.npmjs.org/@types/react-dom/-/react-dom-16.9.14.tgz",
      "integrity": "sha512-FIX2AVmPTGP30OUJ+0vadeIFJJ07Mh1m+U0rxfgyW34p3rTlXI+nlenvAxNn4BP36YyI9IJ/+UJ7Wu22N1pI7A==",
      "requires": {
        "@types/react": "^16"
      }
    },
    "@types/scheduler": {
      "version": "0.16.2",
      "resolved": "https://registry.npmjs.org/@types/scheduler/-/scheduler-0.16.2.tgz",
      "integrity": "sha512-hppQEBDmlwhFAXKJX2KnWLYu5yMfi91yazPb2l+lbJiwW+wdo1gNeRA+3RgNSO39WYX2euey41KEwnqesU2Jew=="
    },
    "bootstrap": {
      "version": "5.0.2",
      "resolved": "https://registry.npmjs.org/bootstrap/-/bootstrap-5.0.2.tgz",
      "integrity": "sha512-1Ge963tyEQWJJ+8qtXFU6wgmAVj9gweEjibUdbmcCEYsn38tVwRk8107rk2vzt6cfQcRr3SlZ8aQBqaD8aqf+Q==",
      "requires": {}
    },
    "classnames": {
      "version": "2.3.1",
      "resolved": "https://registry.npmjs.org/classnames/-/classnames-2.3.1.tgz",
      "integrity": "sha512-OlQdbZ7gLfGarSqxesMesDa5uz7KFbID8Kpq/SxIoNGDqY8lSYs0D+hhtBXhcdB3rcbXArFr7vlHheLk1voeNA=="
    },
    "csstype": {
      "version": "3.0.8",
      "resolved": "https://registry.npmjs.org/csstype/-/csstype-3.0.8.tgz",
      "integrity": "sha512-jXKhWqXPmlUeoQnF/EhTtTl4C9SnrxSH/jZUih3jmO6lBKr99rP3/+FmrMj4EFpOXzMtXHAZkd3x0E6h6Fgflw=="
    },
    "font-awesome": {
      "version": "4.7.0",
      "resolved": "https://registry.npmjs.org/font-awesome/-/font-awesome-4.7.0.tgz",
      "integrity": "sha1-j6jPBBGhoxr9B7BtKQK7n8gVoTM="
    },
    "js-tokens": {
      "version": "4.0.0",
      "resolved": "https://registry.npmjs.org/js-tokens/-/js-tokens-4.0.0.tgz",
      "integrity": "sha512-RdJUflcE3cUzKiMqQgsCu06FPu9UdIJO0beYbPhHN4k6apgJtifcoCtT9bcxOpYBtpD2kCM6Sbzg4CausW/PKQ=="
    },
    "jwt-decode": {
      "version": "2.2.0",
      "resolved": "https://registry.npmjs.org/jwt-decode/-/jwt-decode-2.2.0.tgz",
      "integrity": "sha1-fYa9VmefWM5qhHBKZX3TkruoGnk="
    },
    "lodash": {
      "version": "4.17.21",
      "resolved": "https://registry.npmjs.org/lodash/-/lodash-4.17.21.tgz",
      "integrity": "sha512-v2kDEe57lecTulaDIuNTPy3Ry4gLGJ6Z1O3vE1krgXZNrsQ+LFTGHVxVjcXPs17LhbZVGedAJv8XZ1tvj5FvSg=="
    },
    "loose-envify": {
      "version": "1.4.0",
      "resolved": "https://registry.npmjs.org/loose-envify/-/loose-envify-1.4.0.tgz",
      "integrity": "sha512-lyuxPGr/Wfhrlem2CL/UcnUc1zcqKAImBDzukY7Y5F/yQiNdko6+fRLevlw1HgMySw7f611UIY408EtxRSoK3Q==",
      "requires": {
        "js-tokens": "^3.0.0 || ^4.0.0"
      }
    },
    "mobx": {
      "version": "6.3.3",
      "resolved": "https://registry.npmjs.org/mobx/-/mobx-6.3.3.tgz",
      "integrity": "sha512-JoNU50rO6d1wHwKPJqKq4rmUMbYnI9CsJmBo+Cu4exBYenFvIN77LWrZENpzW6reZPADtXMmB1DicbDSfy8Clw=="
    },
    "mobx-react": {
      "version": "7.2.0",
      "resolved": "https://registry.npmjs.org/mobx-react/-/mobx-react-7.2.0.tgz",
      "integrity": "sha512-KHUjZ3HBmZlNnPd1M82jcdVsQRDlfym38zJhZEs33VxyVQTvL77hODCArq6+C1P1k/6erEeo2R7rpE7ZeOL7dg==",
      "requires": {
        "mobx-react-lite": "^3.2.0"
      }
    },
    "mobx-react-lite": {
      "version": "3.2.1",
      "resolved": "https://registry.npmjs.org/mobx-react-lite/-/mobx-react-lite-3.2.1.tgz",
      "integrity": "sha512-hwURgfmP2apX3HQrB55V9DN47kuN3C6KlQvI5UIfJRibXma72C/JudcNt2r9dWjAdFMrcZoz1ivvtXMCkJ2aQA==",
      "requires": {}
    },
    "object-assign": {
      "version": "4.1.1",
      "resolved": "https://registry.npmjs.org/object-assign/-/object-assign-4.1.1.tgz",
      "integrity": "sha1-IQmtx5ZYh8/AXLvUQsrIv7s2CGM="
    },
    "react": {
      "version": "17.0.2",
      "resolved": "https://registry.npmjs.org/react/-/react-17.0.2.tgz",
      "integrity": "sha512-gnhPt75i/dq/z3/6q/0asP78D0u592D5L1pd7M8P+dck6Fu/jJeL6iVVK23fptSUZj8Vjf++7wXA8UNclGQcbA==",
      "requires": {
        "loose-envify": "^1.1.0",
        "object-assign": "^4.1.1"
      }
    },
    "react-dom": {
      "version": "17.0.2",
      "resolved": "https://registry.npmjs.org/react-dom/-/react-dom-17.0.2.tgz",
      "integrity": "sha512-s4h96KtLDUQlsENhMn1ar8t2bEa+q/YAtj8pPPdIjPDGBDIVNsrD9aXNWqspUe6AzKCIG0C1HZZLqLV7qpOBGA==",
      "requires": {
        "loose-envify": "^1.1.0",
        "object-assign": "^4.1.1",
        "scheduler": "^0.20.2"
      }
    },
    "scheduler": {
      "version": "0.20.2",
      "resolved": "https://registry.npmjs.org/scheduler/-/scheduler-0.20.2.tgz",
      "integrity": "sha512-2eWfGgAqqWFGqtdMmcL5zCMK1U8KlXv8SQFGglL3CEtd0aDVDWgeF/YoCmvln55m5zSk3J/20hTaSBeSObsQDQ==",
      "requires": {
        "loose-envify": "^1.1.0",
        "object-assign": "^4.1.1"
      }
    },
    "tonwa-core": {
      "version": "1.0.6",
      "resolved": "https://registry.npmjs.org/tonwa-core/-/tonwa-core-1.0.6.tgz",
      "integrity": "sha512-2x+yUg3PJe19B3E2EdSv3yVXzaQ3E9Afedsjn42D07xwnjrprgCFiyiEGBtOkoO2AuJ6zfQMpH7k/jYVrJ3ZrA==",
      "requires": {
        "@types/node": "^8.10.62",
        "@types/node-fetch": "^2.1.2",
        "@types/react": "^17.0.0",
        "@types/react-dom": "^17.0.0",
        "jwt-decode": "^3.1.2",
        "typescript": "^4.4.0"
      },
      "dependencies": {
        "@types/react": {
          "version": "17.0.37",
          "resolved": "https://registry.npmjs.org/@types/react/-/react-17.0.37.tgz",
          "integrity": "sha512-2FS1oTqBGcH/s0E+CjrCCR9+JMpsu9b69RTFO+40ua43ZqP5MmQ4iUde/dMjWR909KxZwmOQIFq6AV6NjEG5xg==",
          "requires": {
            "@types/prop-types": "*",
            "@types/scheduler": "*",
            "csstype": "^3.0.2"
          }
        },
        "@types/react-dom": {
          "version": "17.0.11",
          "resolved": "https://registry.npmjs.org/@types/react-dom/-/react-dom-17.0.11.tgz",
          "integrity": "sha512-f96K3k+24RaLGVu/Y2Ng3e1EbZ8/cVJvypZWd7cy0ofCBaf2lcM46xNhycMZ2xGwbBjRql7hOlZ+e2WlJ5MH3Q==",
          "requires": {
            "@types/react": "*"
          }
        },
        "jwt-decode": {
          "version": "3.1.2",
          "resolved": "https://registry.npmjs.org/jwt-decode/-/jwt-decode-3.1.2.tgz",
          "integrity": "sha512-UfpWE/VZn0iP50d8cz9NrZLM9lSWhcJ+0Gt/nm4by88UL+J1SiKN8/5dkjMmbEzwL2CAe+67GsegCbIKtbp75A=="
        },
        "typescript": {
          "version": "4.5.2",
          "resolved": "https://registry.npmjs.org/typescript/-/typescript-4.5.2.tgz",
          "integrity": "sha512-5BlMof9H1yGt0P8/WF+wPNw6GfctgGjXp5hkblpyT+8rkASSmkUKMXrxR0Xg8ThVCi/JnHQiKXeBaEwCeQwMFw=="
        }
      }
    },
    "typescript": {
      "version": "3.9.7",
      "resolved": "https://registry.npmjs.org/typescript/-/typescript-3.9.7.tgz",
      "integrity": "sha512-BLbiRkiBzAwsjut4x/dsibSTB6yWpwT5qWmC2OfuCg3GgVQCSgMs4vEctYPhsaGtd0AeuuHMkjZ2h2WG8MSzRw=="
    }
  }
}
